
Microsoft Visual Studio Solution File, Format Version 12.00
# Visual Studio Version 17
VisualStudioVersion = 17.5.33627.172
MinimumVisualStudioVersion = 10.0.40219.1
Project("{FAE04EC0-301F-11D3-BF4B-00C04F79EFBC}") = "GuitarShop.Web", "GuitarShop.Web\GuitarShop.Web.csproj", "{AFB4CBAF-A638-4BCF-BAFF-2FCC7F43D372}"
EndProject
Project("{FAE04EC0-301F-11D3-BF4B-00C04F79EFBC}") = "GuitarShopApi", "GuitarShopApi\GuitarShopApi.csproj", "{0DA444F4-97FE-428D-B744-4BE2F181DE7D}"
EndProject
Global
	GlobalSection(SolutionConfigurationPlatforms) = preSolution
		Debug|Any CPU = Debug|Any CPU
		Release|Any CPU = Release|Any CPU
	EndGlobalSection
	GlobalSection(ProjectConfigurationPlatforms) = postSolution
		{AFB4CBAF-A638-4BCF-BAFF-2FCC7F43D372}.Debug|Any CPU.ActiveCfg = Debug|Any CPU
		{AFB4CBAF-A638-4BCF-BAFF-2FCC7F43D372}.Debug|Any CPU.Build.0 = Debug|Any CPU
		{AFB4CBAF-A638-4BCF-BAFF-2FCC7F43D372}.Release|Any CPU.ActiveCfg = Release|Any CPU
		{AFB4CBAF-A638-4BCF-BAFF-2FCC7F43D372}.Release|Any CPU.Build.0 = Release|Any CPU
		{0DA444F4-97FE-428D-B744-4BE2F181DE7D}.Debug|Any CPU.ActiveCfg = Debug|Any CPU
		{0DA444F4-97FE-428D-B744-4BE2F181DE7D}.Debug|Any CPU.Build.0 = Debug|Any CPU
		{0DA444F4-97FE-428D-B744-4BE2F181DE7D}.Release|Any CPU.ActiveCfg = Release|Any CPU
		{0DA444F4-97FE-428D-B744-4BE2F181DE7D}.Release|Any CPU.Build.0 = Release|Any CPU
	EndGlobalSection
	GlobalSection(SolutionProperties) = preSolution
		HideSolutionNode = FALSE
	EndGlobalSection
	GlobalSection(ExtensibilityGlobals) = postSolution
		SolutionGuid = {CE111E78-360C-4C11-902F-A7C5823D4267}
	EndGlobalSection
EndGlobal
